// !$*UTF8*$!
{
	archiveVersion = 1;
	classes = {
	};
	objectVersion = 55;
	objects = {

/* Begin PBXBuildFile section */
		86E74C94274C18CD00E65E33 /* XSloopApp.swift in Sources */ = {isa = PBXBuildFile; fileRef = 86E74C93274C18CD00E65E33 /* XSloopApp.swift */; };
		86E74C96274C18CD00E65E33 /* ContentView.swift in Sources */ = {isa = PBXBuildFile; fileRef = 86E74C95274C18CD00E65E33 /* ContentView.swift */; };
		86E74C98274C18CE00E65E33 /* Assets.xcassets in Resources */ = {isa = PBXBuildFile; fileRef = 86E74C97274C18CE00E65E33 /* Assets.xcassets */; };
		86E74C9B274C18CE00E65E33 /* Preview Assets.xcassets in Resources */ = {isa = PBXBuildFile; fileRef = 86E74C9A274C18CE00E65E33 /* Preview Assets.xcassets */; };
		86E74CA4274C1D9900E65E33 /* SloopCardView.swift in Sources */ = {isa = PBXBuildFile; fileRef = 86E74CA3274C1D9900E65E33 /* SloopCardView.swift */; };
		86E74CA6274C26E200E65E33 /* StartButtonView.swift in Sources */ = {isa = PBXBuildFile; fileRef = 86E74CA5274C26E200E65E33 /* StartButtonView.swift */; };
		86E74CA8274C2C0300E65E33 /* OnboardingView.swift in Sources */ = {isa = PBXBuildFile; fileRef = 86E74CA7274C2C0300E65E33 /* OnboardingView.swift */; };
		86E74CAB274C339B00E65E33 /* SloopModel.swift in Sources */ = {isa = PBXBuildFile; fileRef = 86E74CAA274C339B00E65E33 /* SloopModel.swift */; };
		86E74CAE274C347C00E65E33 /* SloopData.swift in Sources */ = {isa = PBXBuildFile; fileRef = 86E74CAD274C347C00E65E33 /* SloopData.swift */; };
/* End PBXBuildFile section */

/* Begin PBXFileReference section */
		86E74C90274C18CD00E65E33 /* XSloop.app */ = {isa = PBXFileReference; explicitFileType = wrapper.application; includeInIndex = 0; path = XSloop.app; sourceTree = BUILT_PRODUCTS_DIR; };
		86E74C93274C18CD00E65E33 /* XSloopApp.swift */ = {isa = PBXFileReference; lastKnownFileType = sourcecode.swift; path = XSloopApp.swift; sourceTree = "<group>"; };
		86E74C95274C18CD00E65E33 /* ContentView.swift */ = {isa = PBXFileReference; lastKnownFileType = sourcecode.swift; path = ContentView.swift; sourceTree = "<group>"; };
		86E74C97274C18CE00E65E33 /* Assets.xcassets */ = {isa = PBXFileReference; lastKnownFileType = folder.assetcatalog; path = Assets.xcassets; sourceTree = "<group>"; };
		86E74C9A274C18CE00E65E33 /* Preview Assets.xcassets */ = {isa = PBXFileReference; lastKnownFileType = folder.assetcatalog; path = "Preview Assets.xcassets"; sourceTree = "<group>"; };
		86E74CA3274C1D9900E65E33 /* SloopCardView.swift */ = {isa = PBXFileReference; lastKnownFileType = sourcecode.swift; path = SloopCardView.swift; sourceTree = "<group>"; };
		86E74CA5274C26E200E65E33 /* StartButtonView.swift */ = {isa = PBXFileReference; lastKnownFileType = sourcecode.swift; path = StartButtonView.swift; sourceTree = "<group>"; };
		86E74CA7274C2C0300E65E33 /* OnboardingView.swift */ = {isa = PBXFileReference; lastKnownFileType = sourcecode.swift; path = OnboardingView.swift; sourceTree = "<group>"; };
		86E74CAA274C339B00E65E33 /* SloopModel.swift */ = {isa = PBXFileReference; lastKnownFileType = sourcecode.swift; path = SloopModel.swift; sourceTree = "<group>"; };
		86E74CAD274C347C00E65E33 /* SloopData.swift */ = {isa = PBXFileReference; lastKnownFileType = sourcecode.swift; path = SloopData.swift; sourceTree = "<group>"; };
/* End PBXFileReference section */

/* Begin PBXFrameworksBuildPhase section */
		86E74C8D274C18CD00E65E33 /* Frameworks */ = {
			isa = PBXFrameworksBuildPhase;
			buildActionMask = 2147483647;
			files = (
			);
			runOnlyForDeploymentPostprocessing = 0;
		};
/* End PBXFrameworksBuildPhase section */

/* Begin PBXGroup section */
		86E74C87274C18CD00E65E33 = {
			isa = PBXGroup;
			children = (
				86E74C92274C18CD00E65E33 /* XSloop */,
				86E74C91274C18CD00E65E33 /* Products */,
			);
			sourceTree = "<group>";
		};
		86E74C91274C18CD00E65E33 /* Products */ = {
			isa = PBXGroup;
			children = (
				86E74C90274C18CD00E65E33 /* XSloop.app */,
			);
			name = Products;
			sourceTree = "<group>";
		};
		86E74C92274C18CD00E65E33 /* XSloop */ = {
			isa = PBXGroup;
			children = (
				86E74CAC274C346400E65E33 /* Data */,
				86E74CA9274C337E00E65E33 /* Model */,
				86E74CA2274C1D6100E65E33 /* View */,
				86E74CA1274C1D3100E65E33 /* App */,
				86E74C97274C18CE00E65E33 /* Assets.xcassets */,
				86E74C99274C18CE00E65E33 /* Preview Content */,
			);
			path = XSloop;
			sourceTree = "<group>";
		};
		86E74C99274C18CE00E65E33 /* Preview Content */ = {
			isa = PBXGroup;
			children = (
				86E74C9A274C18CE00E65E33 /* Preview Assets.xcassets */,
			);
			path = "Preview Content";
			sourceTree = "<group>";
		};
		86E74CA1274C1D3100E65E33 /* App */ = {
			isa = PBXGroup;
			children = (
				86E74C93274C18CD00E65E33 /* XSloopApp.swift */,
				86E74C95274C18CD00E65E33 /* ContentView.swift */,
				86E74CA7274C2C0300E65E33 /* OnboardingView.swift */,
			);
			path = App;
			sourceTree = "<group>";
		};
		86E74CA2274C1D6100E65E33 /* View */ = {
			isa = PBXGroup;
			children = (
				86E74CA3274C1D9900E65E33 /* SloopCardView.swift */,
				86E74CA5274C26E200E65E33 /* StartButtonView.swift */,
			);
			path = View;
			sourceTree = "<group>";
		};
		86E74CA9274C337E00E65E33 /* Model */ = {
			isa = PBXGroup;
			children = (
				86E74CAA274C339B00E65E33 /* SloopModel.swift */,
			);
			path = Model;
			sourceTree = "<group>";
		};
		86E74CAC274C346400E65E33 /* Data */ = {
			isa = PBXGroup;
			children = (
				86E74CAD274C347C00E65E33 /* SloopData.swift */,
			);
			path = Data;
			sourceTree = "<group>";
		};
/* End PBXGroup section */

/* Begin PBXNativeTarget section */
		86E74C8F274C18CD00E65E33 /* XSloop */ = {
			isa = PBXNativeTarget;
			buildConfigurationList = 86E74C9E274C18CE00E65E33 /* Build configuration list for PBXNativeTarget "XSloop" */;
			buildPhases = (
				86E74C8C274C18CD00E65E33 /* Sources */,
				86E74C8D274C18CD00E65E33 /* Frameworks */,
				86E74C8E274C18CD00E65E33 /* Resources */,
			);
			buildRules = (
			);
			dependencies = (
			);
			name = XSloop;
			productName = XSloop;
			productReference = 86E74C90274C18CD00E65E33 /* XSloop.app */;
			productType = "com.apple.product-type.application";
		};
/* End PBXNativeTarget section */

/* Begin PBXProject section */
		86E74C88274C18CD00E65E33 /* Project object */ = {
			isa = PBXProject;
			attributes = {
				BuildIndependentTargetsInParallel = 1;
				LastSwiftUpdateCheck = 1310;
				LastUpgradeCheck = 1310;
				TargetAttributes = {
					86E74C8F274C18CD00E65E33 = {
						CreatedOnToolsVersion = 13.1;
					};
				};
			};
			buildConfigurationList = 86E74C8B274C18CD00E65E33 /* Build configuration list for PBXProject "XSloop" */;
			compatibilityVersion = "Xcode 13.0";
			developmentRegion = en;
			hasScannedForEncodings = 0;
			knownRegions = (
				en,
				Base,
			);
			mainGroup = 86E74C87274C18CD00E65E33;
			productRefGroup = 86E74C91274C18CD00E65E33 /* Products */;
			projectDirPath = "";
			projectRoot = "";
			targets = (
				86E74C8F274C18CD00E65E33 /* XSloop */,
			);
		};
/* End PBXProject section */

/* Begin PBXResourcesBuildPhase section */
		86E74C8E274C18CD00E65E33 /* Resources */ = {
			isa = PBXResourcesBuildPhase;
			buildActionMask = 2147483647;
			files = (
				86E74C9B274C18CE00E65E33 /* Preview Assets.xcassets in Resources */,
				86E74C98274C18CE00E65E33 /* Assets.xcassets in Resources */,
			);
			runOnlyForDeploymentPostprocessing = 0;
		};
/* End PBXResourcesBuildPhase section */

/* Begin PBXSourcesBuildPhase section */
		86E74C8C274C18CD00E65E33 /* Sources */ = {
			isa = PBXSourcesBuildPhase;
			buildActionMask = 2147483647;
			files = (
				86E74C96274C18CD00E65E33 /* ContentView.swift in Sources */,
				86E74CAB274C339B00E65E33 /* SloopModel.swift in Sources */,
				86E74CA6274C26E200E65E33 /* StartButtonView.swift in Sources */,
				86E74CAE274C347C00E65E33 /* SloopData.swift in Sources */,
				86E74C94274C18CD00E65E33 /* XSloopApp.swift in Sources */,
				86E74CA8274C2C0300E65E33 /* OnboardingView.swift in Sources */,
				86E74CA4274C1D9900E65E33 /* SloopCardView.swift in Sources */,
			);
			runOnlyForDeploymentPostprocessing = 0;
		};
/* End PBXSourcesBuildPhase section */

/* Begin XCBuildConfiguration section */
		86E74C9C274C18CE00E65E33 /* Debug */ = {
			isa = XCBuildConfiguration;
			buildSettings = {
				ALWAYS_SEARCH_USER_PATHS = NO;
				CLANG_ANALYZER_NONNULL = YES;
				CLANG_ANALYZER_NUMBER_OBJECT_CONVERSION = YES_AGGRESSIVE;
				CLANG_CXX_LANGUAGE_STANDARD = "gnu++17";
				CLANG_CXX_LIBRARY = "libc++";
				CLANG_ENABLE_MODULES = YES;
				CLANG_ENABLE_OBJC_ARC = YES;
				CLANG_ENABLE_OBJC_WEAK = YES;
				CLANG_WARN_BLOCK_CAPTURE_AUTORELEASING = YES;
				CLANG_WARN_BOOL_CONVERSION = YES;
				CLANG_WARN_COMMA = YES;
				CLANG_WARN_CONSTANT_CONVERSION = YES;
				CLANG_WARN_DEPRECATED_OBJC_IMPLEMENTATIONS = YES;
				CLANG_WARN_DIRECT_OBJC_ISA_USAGE = YES_ERROR;
				CLANG_WARN_DOCUMENTATION_COMMENTS = YES;
				CLANG_WARN_EMPTY_BODY = YES;
				CLANG_WARN_ENUM_CONVERSION = YES;
				CLANG_WARN_INFINITE_RECURSION = YES;
				CLANG_WARN_INT_CONVERSION = YES;
				CLANG_WARN_NON_LITERAL_NULL_CONVERSION = YES;
				CLANG_WARN_OBJC_IMPLICIT_RETAIN_SELF = YES;
				CLANG_WARN_OBJC_LITERAL_CONVERSION = YES;
				CLANG_WARN_OBJC_ROOT_CLASS = YES_ERROR;
				CLANG_WARN_QUOTED_INCLUDE_IN_FRAMEWORK_HEADER = YES;
				CLANG_WARN_RANGE_LOOP_ANALYSIS = YES;
				CLANG_WARN_STRICT_PROTOTYPES = YES;
				CLANG_WARN_SUSPICIOUS_MOVE = YES;
				CLANG_WARN_UNGUARDED_AVAILABILITY = YES_AGGRESSIVE;
				CLANG_WARN_UNREACHABLE_CODE = YES;
				CLANG_WARN__DUPLICATE_METHOD_MATCH = YES;
				COPY_PHASE_STRIP = NO;
				DEBUG_INFORMATION_FORMAT = dwarf;
				ENABLE_STRICT_OBJC_MSGSEND = YES;
				ENABLE_TESTABILITY = YES;
				GCC_C_LANGUAGE_STANDARD = gnu11;
				GCC_DYNAMIC_NO_PIC = NO;
				GCC_NO_COMMON_BLOCKS = YES;
				GCC_OPTIMIZATION_LEVEL = 0;
				GCC_PREPROCESSOR_DEFINITIONS = (
					"DEBUG=1",
					"$(inherited)",
				);
				GCC_WARN_64_TO_32_BIT_CONVERSION = YES;
				GCC_WARN_ABOUT_RETURN_TYPE = YES_ERROR;
				GCC_WARN_UNDECLARED_SELECTOR = YES;
				GCC_WARN_UNINITIALIZED_AUTOS = YES_AGGRESSIVE;
				GCC_WARN_UNUSED_FUNCTION = YES;
				GCC_WARN_UNUSED_VARIABLE = YES;
				IPHONEOS_DEPLOYMENT_TARGET = 15.0;
				MTL_ENABLE_DEBUG_INFO = INCLUDE_SOURCE;
				MTL_FAST_MATH = YES;
				ONLY_ACTIVE_ARCH = YES;
				SDKROOT = iphoneos;
				SWIFT_ACTIVE_COMPILATION_CONDITIONS = DEBUG;
				SWIFT_OPTIMIZATION_LEVEL = "-Onone";
			};
			name = Debug;
		};
		86E74C9D274C18CE00E65E33 /* Release */ = {
			isa = XCBuildConfiguration;
			buildSettings = {
				ALWAYS_SEARCH_USER_PATHS = NO;
				CLANG_ANALYZER_NONNULL = YES;
				CLANG_ANALYZER_NUMBER_OBJECT_CONVERSION = YES_AGGRESSIVE;
				CLANG_CXX_LANGUAGE_STANDARD = "gnu++17";
				CLANG_CXX_LIBRARY = "libc++";
				CLANG_ENABLE_MODULES = YES;
				CLANG_ENABLE_OBJC_ARC = YES;
				CLANG_ENABLE_OBJC_WEAK = YES;
				CLANG_WARN_BLOCK_CAPTURE_AUTORELEASING = YES;
				CLANG_WARN_BOOL_CONVERSION = YES;
				CLANG_WARN_COMMA = YES;
				CLANG_WARN_CONSTANT_CONVERSION = YES;
				CLANG_WARN_DEPRECATED_OBJC_IMPLEMENTATIONS = YES;
				CLANG_WARN_DIRECT_OBJC_ISA_USAGE = YES_ERROR;
				CLANG_WARN_DOCUMENTATION_COMMENTS = YES;
				CLANG_WARN_EMPTY_BODY = YES;
				CLANG_WARN_ENUM_CONVERSION = YES;
				CLANG_WARN_INFINITE_RECURSION = YES;
				CLANG_WARN_INT_CONVERSION = YES;
				CLANG_WARN_NON_LITERAL_NULL_CONVERSION = YES;
				CLANG_WARN_OBJC_IMPLICIT_RETAIN_SELF = YES;
				CLANG_WARN_OBJC_LITERAL_CONVERSION = YES;
				CLANG_WARN_OBJC_ROOT_CLASS = YES_ERROR;
				CLANG_WARN_QUOTED_INCLUDE_IN_FRAMEWORK_HEADER = YES;
				CLANG_WARN_RANGE_LOOP_ANALYSIS = YES;
				CLANG_WARN_STRICT_PROTOTYPES = YES;
				CLANG_WARN_SUSPICIOUS_MOVE = YES;
				CLANG_WARN_UNGUARDED_AVAILABILITY = YES_AGGRESSIVE;
				CLANG_WARN_UNREACHABLE_CODE = YES;
				CLANG_WARN__DUPLICATE_METHOD_MATCH = YES;
				COPY_PHASE_STRIP = NO;
				DEBUG_INFORMATION_FORMAT = "dwarf-with-dsym";
				ENABLE_NS_ASSERTIONS = NO;
				ENABLE_STRICT_OBJC_MSGSEND = YES;
				GCC_C_LANGUAGE_STANDARD = gnu11;
				GCC_NO_COMMON_BLOCKS = YES;
				GCC_WARN_64_TO_32_BIT_CONVERSION = YES;
				GCC_WARN_ABOUT_RETURN_TYPE = YES_ERROR;
				GCC_WARN_UNDECLARED_SELECTOR = YES;
				GCC_WARN_UNINITIALIZED_AUTOS = YES_AGGRESSIVE;
				GCC_WARN_UNUSED_FUNCTION = YES;
				GCC_WARN_UNUSED_VARIABLE = YES;
				IPHONEOS_DEPLOYMENT_TARGET = 15.0;
				MTL_ENABLE_DEBUG_INFO = NO;
				MTL_FAST_MATH = YES;
				SDKROOT = iphoneos;
				SWIFT_COMPILATION_MODE = wholemodule;
				SWIFT_OPTIMIZATION_LEVEL = "-O";
				VALIDATE_PRODUCT = YES;
			};
			name = Release;
		};
		86E74C9F274C18CE00E65E33 /* Debug */ = {
			isa = XCBuildConfiguration;
			buildSettings = {
				ASSETCATALOG_COMPILER_APPICON_NAME = AppIcon;
				ASSETCATALOG_COMPILER_GLOBAL_ACCENT_COLOR_NAME = AccentColor;
				CODE_SIGN_STYLE = Automatic;
				CURRENT_PROJECT_VERSION = 1;
				DEVELOPMENT_ASSET_PATHS = "\"XSloop/Preview Content\"";
				DEVELOPMENT_TEAM = UHC5T3C2AU;
				ENABLE_PREVIEWS = YES;
				GENERATE_INFOPLIST_FILE = YES;
				INFOPLIST_KEY_UIApplicationSceneManifest_Generation = YES;
				INFOPLIST_KEY_UIApplicationSupportsIndirectInputEvents = YES;
				INFOPLIST_KEY_UILaunchScreen_Generation = YES;
				INFOPLIST_KEY_UISupportedInterfaceOrientations = UIInterfaceOrientationPortrait;
				INFOPLIST_KEY_UISupportedInterfaceOrientations_iPad = "UIInterfaceOrientationPortrait UIInterfaceOrientationPortraitUpsideDown UIInterfaceOrientationLandscapeLeft UIInterfaceOrientationLandscapeRight";
				INFOPLIST_KEY_UISupportedInterfaceOrientations_iPhone = "UIInterfaceOrientationPortrait UIInterfaceOrientationLandscapeLeft UIInterfaceOrientationLandscapeRight";
				LD_RUNPATH_SEARCH_PATHS = (
					"$(inherited)",
					"@executable_path/Frameworks",
				);
				MARKETING_VERSION = 1.0;
				PRODUCT_BUNDLE_IDENTIFIER = chamorro.rene.XSloop;
				PRODUCT_NAME = "$(TARGET_NAME)";
				SWIFT_EMIT_LOC_STRINGS = YES;
				SWIFT_VERSION = 5.0;
				TARGETED_DEVICE_FAMILY = "1,2";
			};
			name = Debug;
		};
		86E74CA0274C18CE00E65E33 /* Release */ = {
			isa = XCBuildConfiguration;
			buildSettings = {
				ASSETCATALOG_COMPILER_APPICON_NAME = AppIcon;
				ASSETCATALOG_COMPILER_GLOBAL_ACCENT_COLOR_NAME = AccentColor;
				CODE_SIGN_STYLE = Automatic;
				CURRENT_PROJECT_VERSION = 1;
				DEVELOPMENT_ASSET_PATHS = "\"XSloop/Preview Content\"";
				DEVELOPMENT_TEAM = UHC5T3C2AU;
				ENABLE_PREVIEWS = YES;
				GENERATE_INFOPLIST_FILE = YES;
				INFOPLIST_KEY_UIApplicationSceneManifest_Generation = YES;
				INFOPLIST_KEY_UIApplicationSupportsIndirectInputEvents = YES;
				INFOPLIST_KEY_UILaunchScreen_Generation = YES;
				INFOPLIST_KEY_UISupportedInterfaceOrientations = UIInterfaceOrientationPortrait;
				INFOPLIST_KEY_UISupportedInterfaceOrientations_iPad = "UIInterfaceOrientationPortrait UIInterfaceOrientationPortraitUpsideDown UIInterfaceOrientationLandscapeLeft UIInterfaceOrientationLandscapeRight";
				INFOPLIST_KEY_UISupportedInterfaceOrientations_iPhone = "UIInterfaceOrientationPortrait UIInterfaceOrientationLandscapeLeft UIInterfaceOrientationLandscapeRight";
				LD_RUNPATH_SEARCH_PATHS = (
					"$(inherited)",
					"@executable_path/Frameworks",
				);
				MARKETING_VERSION = 1.0;
				PRODUCT_BUNDLE_IDENTIFIER = chamorro.rene.XSloop;
				PRODUCT_NAME = "$(TARGET_NAME)";
				SWIFT_EMIT_LOC_STRINGS = YES;
				SWIFT_VERSION = 5.0;
				TARGETED_DEVICE_FAMILY = "1,2";
			};
			name = Release;
		};
/* End XCBuildConfiguration section */

/* Begin XCConfigurationList section */
		86E74C8B274C18CD00E65E33 /* Build configuration list for PBXProject "XSloop" */ = {
			isa = XCConfigurationList;
			buildConfigurations = (
				86E74C9C274C18CE00E65E33 /* Debug */,
				86E74C9D274C18CE00E65E33 /* Release */,
			);
			defaultConfigurationIsVisible = 0;
			defaultConfigurationName = Release;
		};
		86E74C9E274C18CE00E65E33 /* Build configuration list for PBXNativeTarget "XSloop" */ = {
			isa = XCConfigurationList;
			buildConfigurations = (
				86E74C9F274C18CE00E65E33 /* Debug */,
				86E74CA0274C18CE00E65E33 /* Release */,
			);
			defaultConfigurationIsVisible = 0;
			defaultConfigurationName = Release;
		};
/* End XCConfigurationList section */
	};
	rootObject = 86E74C88274C18CD00E65E33 /* Project object */;
}
